// !$*UTF8*$!
{
	archiveVersion = 1;
	classes = {
	};
	objectVersion = 50;
	objects = {

/* Begin PBXBuildFile section */
		0B6EC4C821B19E2300F523BF /* AppDelegate.swift in Sources */ = {isa = PBXBuildFile; fileRef = 0B6EC4C721B19E2300F523BF /* AppDelegate.swift */; };
		0B6EC4CD21B19E2300F523BF /* Main.storyboard in Resources */ = {isa = PBXBuildFile; fileRef = 0B6EC4CB21B19E2300F523BF /* Main.storyboard */; };
		0B6EC4CF21B19E2800F523BF /* Assets.xcassets in Resources */ = {isa = PBXBuildFile; fileRef = 0B6EC4CE21B19E2800F523BF /* Assets.xcassets */; };
		0B6EC4D221B19E2800F523BF /* LaunchScreen.storyboard in Resources */ = {isa = PBXBuildFile; fileRef = 0B6EC4D021B19E2800F523BF /* LaunchScreen.storyboard */; };
		0B6EC4DD21B19E2800F523BF /* QR_CODE_RUNTests.swift in Sources */ = {isa = PBXBuildFile; fileRef = 0B6EC4DC21B19E2800F523BF /* QR_CODE_RUNTests.swift */; };
		0B6EC4E821B19E2800F523BF /* QR_CODE_RUNUITests.swift in Sources */ = {isa = PBXBuildFile; fileRef = 0B6EC4E721B19E2800F523BF /* QR_CODE_RUNUITests.swift */; };
		0BE38D4721BA574C001A3FDC /* splachView.png in Resources */ = {isa = PBXBuildFile; fileRef = 0BE38D4621BA574C001A3FDC /* splachView.png */; };
		3996C702918ECAEC6A40DA1A /* Pods_QR_CODE_RUNTests.framework in Frameworks */ = {isa = PBXBuildFile; fileRef = 17E4F4D4C11588DEF77ABA8F /* Pods_QR_CODE_RUNTests.framework */; };
		A0FFEBD656AD3B681607EC6F /* Pods_QR_CODE_RUN.framework in Frameworks */ = {isa = PBXBuildFile; fileRef = BDB827AF6F0CB0281AC87BB4 /* Pods_QR_CODE_RUN.framework */; };
		CA0F4B7A21B8E4C700E8A0E1 /* MemberCollectionViewCell.swift in Sources */ = {isa = PBXBuildFile; fileRef = CA0F4B7921B8E4C700E8A0E1 /* MemberCollectionViewCell.swift */; };
		CA0F4B7C21B8EB4400E8A0E1 /* SettingTableViewController.swift in Sources */ = {isa = PBXBuildFile; fileRef = CA0F4B7B21B8EB4400E8A0E1 /* SettingTableViewController.swift */; };
		CA0F4B7F21BA353100E8A0E1 /* icon.png in Resources */ = {isa = PBXBuildFile; fileRef = CA0F4B7E21BA353000E8A0E1 /* icon.png */; };
		CAB57D9421B5541000F8C696 /* GoogleService-Info.plist in Resources */ = {isa = PBXBuildFile; fileRef = CAB57D9321B5541000F8C696 /* GoogleService-Info.plist */; };
		CAB57D9621B5563700F8C696 /* Member.swift in Sources */ = {isa = PBXBuildFile; fileRef = CAB57D9521B5563700F8C696 /* Member.swift */; };
		CAB57D9C21B5580700F8C696 /* MemberManager.swift in Sources */ = {isa = PBXBuildFile; fileRef = CAB57D9B21B5580700F8C696 /* MemberManager.swift */; };
		CAB57D9E21B56C0900F8C696 /* UserManager.swift in Sources */ = {isa = PBXBuildFile; fileRef = CAB57D9D21B56C0900F8C696 /* UserManager.swift */; };
		CAB57DA021B571B100F8C696 /* MemberViewController.swift in Sources */ = {isa = PBXBuildFile; fileRef = CAB57D9F21B571B100F8C696 /* MemberViewController.swift */; };
		CAB57DA321B573A100F8C696 /* LoginTableViewCell.swift in Sources */ = {isa = PBXBuildFile; fileRef = CAB57DA221B573A100F8C696 /* LoginTableViewCell.swift */; };
		CAB57DA521B5744100F8C696 /* LoginViewController.swift in Sources */ = {isa = PBXBuildFile; fileRef = CAB57DA421B5744100F8C696 /* LoginViewController.swift */; };
		CAB57DD621B62C4500F8C696 /* QRScaner.swift in Sources */ = {isa = PBXBuildFile; fileRef = CAB57DD521B62C4500F8C696 /* QRScaner.swift */; };
		CAB57DD821B62DF700F8C696 /* QRScanViewController.swift in Sources */ = {isa = PBXBuildFile; fileRef = CAB57DD721B62DF700F8C696 /* QRScanViewController.swift */; };
		CF36518785E5D4407727D15A /* Pods_QR_CODE_RUNUITests.framework in Frameworks */ = {isa = PBXBuildFile; fileRef = 65CC8E90260FA721FC5FA524 /* Pods_QR_CODE_RUNUITests.framework */; };
/* End PBXBuildFile section */

/* Begin PBXContainerItemProxy section */
		0B6EC4D921B19E2800F523BF /* PBXContainerItemProxy */ = {
			isa = PBXContainerItemProxy;
			containerPortal = 0B6EC4BC21B19E2200F523BF /* Project object */;
			proxyType = 1;
			remoteGlobalIDString = 0B6EC4C321B19E2200F523BF;
			remoteInfo = "QR-CODE-RUN";
		};
		0B6EC4E421B19E2800F523BF /* PBXContainerItemProxy */ = {
			isa = PBXContainerItemProxy;
			containerPortal = 0B6EC4BC21B19E2200F523BF /* Project object */;
			proxyType = 1;
			remoteGlobalIDString = 0B6EC4C321B19E2200F523BF;
			remoteInfo = "QR-CODE-RUN";
		};
/* End PBXContainerItemProxy section */

/* Begin PBXFileReference section */
		018B3AC9A811360A571C61A9 /* Pods-QR-CODE-RUN.debug.xcconfig */ = {isa = PBXFileReference; includeInIndex = 1; lastKnownFileType = text.xcconfig; name = "Pods-QR-CODE-RUN.debug.xcconfig"; path = "Pods/Target Support Files/Pods-QR-CODE-RUN/Pods-QR-CODE-RUN.debug.xcconfig"; sourceTree = "<group>"; };
		0B6EC4C421B19E2300F523BF /* QR-CODE-RUN.app */ = {isa = PBXFileReference; explicitFileType = wrapper.application; includeInIndex = 0; path = "QR-CODE-RUN.app"; sourceTree = BUILT_PRODUCTS_DIR; };
		0B6EC4C721B19E2300F523BF /* AppDelegate.swift */ = {isa = PBXFileReference; lastKnownFileType = sourcecode.swift; path = AppDelegate.swift; sourceTree = "<group>"; };
		0B6EC4CC21B19E2300F523BF /* Base */ = {isa = PBXFileReference; lastKnownFileType = file.storyboard; name = Base; path = Base.lproj/Main.storyboard; sourceTree = "<group>"; };
		0B6EC4CE21B19E2800F523BF /* Assets.xcassets */ = {isa = PBXFileReference; lastKnownFileType = folder.assetcatalog; path = Assets.xcassets; sourceTree = "<group>"; };
		0B6EC4D121B19E2800F523BF /* Base */ = {isa = PBXFileReference; lastKnownFileType = file.storyboard; name = Base; path = Base.lproj/LaunchScreen.storyboard; sourceTree = "<group>"; };
		0B6EC4D321B19E2800F523BF /* Info.plist */ = {isa = PBXFileReference; lastKnownFileType = text.plist.xml; path = Info.plist; sourceTree = "<group>"; };
		0B6EC4D821B19E2800F523BF /* QR-CODE-RUNTests.xctest */ = {isa = PBXFileReference; explicitFileType = wrapper.cfbundle; includeInIndex = 0; path = "QR-CODE-RUNTests.xctest"; sourceTree = BUILT_PRODUCTS_DIR; };
		0B6EC4DC21B19E2800F523BF /* QR_CODE_RUNTests.swift */ = {isa = PBXFileReference; lastKnownFileType = sourcecode.swift; path = QR_CODE_RUNTests.swift; sourceTree = "<group>"; };
		0B6EC4DE21B19E2800F523BF /* Info.plist */ = {isa = PBXFileReference; lastKnownFileType = text.plist.xml; path = Info.plist; sourceTree = "<group>"; };
		0B6EC4E321B19E2800F523BF /* QR-CODE-RUNUITests.xctest */ = {isa = PBXFileReference; explicitFileType = wrapper.cfbundle; includeInIndex = 0; path = "QR-CODE-RUNUITests.xctest"; sourceTree = BUILT_PRODUCTS_DIR; };
		0B6EC4E721B19E2800F523BF /* QR_CODE_RUNUITests.swift */ = {isa = PBXFileReference; lastKnownFileType = sourcecode.swift; path = QR_CODE_RUNUITests.swift; sourceTree = "<group>"; };
		0B6EC4E921B19E2800F523BF /* Info.plist */ = {isa = PBXFileReference; lastKnownFileType = text.plist.xml; path = Info.plist; sourceTree = "<group>"; };
		0BE38D4621BA574C001A3FDC /* splachView.png */ = {isa = PBXFileReference; lastKnownFileType = image.png; path = splachView.png; sourceTree = "<group>"; };
		1646C56411B87E9C2BFDD393 /* Pods-QR-CODE-RUN.release.xcconfig */ = {isa = PBXFileReference; includeInIndex = 1; lastKnownFileType = text.xcconfig; name = "Pods-QR-CODE-RUN.release.xcconfig"; path = "Pods/Target Support Files/Pods-QR-CODE-RUN/Pods-QR-CODE-RUN.release.xcconfig"; sourceTree = "<group>"; };
		17E4F4D4C11588DEF77ABA8F /* Pods_QR_CODE_RUNTests.framework */ = {isa = PBXFileReference; explicitFileType = wrapper.framework; includeInIndex = 0; path = Pods_QR_CODE_RUNTests.framework; sourceTree = BUILT_PRODUCTS_DIR; };
		1A69BE69161A12CD542A468E /* Pods-QR-CODE-RUNTests.release.xcconfig */ = {isa = PBXFileReference; includeInIndex = 1; lastKnownFileType = text.xcconfig; name = "Pods-QR-CODE-RUNTests.release.xcconfig"; path = "Pods/Target Support Files/Pods-QR-CODE-RUNTests/Pods-QR-CODE-RUNTests.release.xcconfig"; sourceTree = "<group>"; };
		65A9831C468CC873A0EB4EBE /* Pods-QR-CODE-RUNUITests.debug.xcconfig */ = {isa = PBXFileReference; includeInIndex = 1; lastKnownFileType = text.xcconfig; name = "Pods-QR-CODE-RUNUITests.debug.xcconfig"; path = "Pods/Target Support Files/Pods-QR-CODE-RUNUITests/Pods-QR-CODE-RUNUITests.debug.xcconfig"; sourceTree = "<group>"; };
		65CC8E90260FA721FC5FA524 /* Pods_QR_CODE_RUNUITests.framework */ = {isa = PBXFileReference; explicitFileType = wrapper.framework; includeInIndex = 0; path = Pods_QR_CODE_RUNUITests.framework; sourceTree = BUILT_PRODUCTS_DIR; };
		7F78BFA093826CC2E5CEF475 /* Pods-QR-CODE-RUNTests.debug.xcconfig */ = {isa = PBXFileReference; includeInIndex = 1; lastKnownFileType = text.xcconfig; name = "Pods-QR-CODE-RUNTests.debug.xcconfig"; path = "Pods/Target Support Files/Pods-QR-CODE-RUNTests/Pods-QR-CODE-RUNTests.debug.xcconfig"; sourceTree = "<group>"; };
		BDB827AF6F0CB0281AC87BB4 /* Pods_QR_CODE_RUN.framework */ = {isa = PBXFileReference; explicitFileType = wrapper.framework; includeInIndex = 0; path = Pods_QR_CODE_RUN.framework; sourceTree = BUILT_PRODUCTS_DIR; };
		CA0F4B7921B8E4C700E8A0E1 /* MemberCollectionViewCell.swift */ = {isa = PBXFileReference; lastKnownFileType = sourcecode.swift; path = MemberCollectionViewCell.swift; sourceTree = "<group>"; };
		CA0F4B7B21B8EB4400E8A0E1 /* SettingTableViewController.swift */ = {isa = PBXFileReference; lastKnownFileType = sourcecode.swift; path = SettingTableViewController.swift; sourceTree = "<group>"; };
		CA0F4B7E21BA353000E8A0E1 /* icon.png */ = {isa = PBXFileReference; lastKnownFileType = image.png; path = icon.png; sourceTree = "<group>"; };
		CAB57D9321B5541000F8C696 /* GoogleService-Info.plist */ = {isa = PBXFileReference; fileEncoding = 4; lastKnownFileType = text.plist.xml; path = "GoogleService-Info.plist"; sourceTree = "<group>"; };
		CAB57D9521B5563700F8C696 /* Member.swift */ = {isa = PBXFileReference; lastKnownFileType = sourcecode.swift; path = Member.swift; sourceTree = "<group>"; };
		CAB57D9B21B5580700F8C696 /* MemberManager.swift */ = {isa = PBXFileReference; lastKnownFileType = sourcecode.swift; path = MemberManager.swift; sourceTree = "<group>"; };
		CAB57D9D21B56C0900F8C696 /* UserManager.swift */ = {isa = PBXFileReference; lastKnownFileType = sourcecode.swift; path = UserManager.swift; sourceTree = "<group>"; };
		CAB57D9F21B571B100F8C696 /* MemberViewController.swift */ = {isa = PBXFileReference; lastKnownFileType = sourcecode.swift; path = MemberViewController.swift; sourceTree = "<group>"; };
		CAB57DA221B573A100F8C696 /* LoginTableViewCell.swift */ = {isa = PBXFileReference; lastKnownFileType = sourcecode.swift; path = LoginTableViewCell.swift; sourceTree = "<group>"; };
		CAB57DA421B5744100F8C696 /* LoginViewController.swift */ = {isa = PBXFileReference; lastKnownFileType = sourcecode.swift; path = LoginViewController.swift; sourceTree = "<group>"; };
		CAB57DD521B62C4500F8C696 /* QRScaner.swift */ = {isa = PBXFileReference; lastKnownFileType = sourcecode.swift; path = QRScaner.swift; sourceTree = "<group>"; };
		CAB57DD721B62DF700F8C696 /* QRScanViewController.swift */ = {isa = PBXFileReference; lastKnownFileType = sourcecode.swift; path = QRScanViewController.swift; sourceTree = "<group>"; };
		FCA42FEA521B3F297CA02172 /* Pods-QR-CODE-RUNUITests.release.xcconfig */ = {isa = PBXFileReference; includeInIndex = 1; lastKnownFileType = text.xcconfig; name = "Pods-QR-CODE-RUNUITests.release.xcconfig"; path = "Pods/Target Support Files/Pods-QR-CODE-RUNUITests/Pods-QR-CODE-RUNUITests.release.xcconfig"; sourceTree = "<group>"; };
/* End PBXFileReference section */

/* Begin PBXFrameworksBuildPhase section */
		0B6EC4C121B19E2200F523BF /* Frameworks */ = {
			isa = PBXFrameworksBuildPhase;
			buildActionMask = 2147483647;
			files = (
				A0FFEBD656AD3B681607EC6F /* Pods_QR_CODE_RUN.framework in Frameworks */,
			);
			runOnlyForDeploymentPostprocessing = 0;
		};
		0B6EC4D521B19E2800F523BF /* Frameworks */ = {
			isa = PBXFrameworksBuildPhase;
			buildActionMask = 2147483647;
			files = (
				3996C702918ECAEC6A40DA1A /* Pods_QR_CODE_RUNTests.framework in Frameworks */,
			);
			runOnlyForDeploymentPostprocessing = 0;
		};
		0B6EC4E021B19E2800F523BF /* Frameworks */ = {
			isa = PBXFrameworksBuildPhase;
			buildActionMask = 2147483647;
			files = (
				CF36518785E5D4407727D15A /* Pods_QR_CODE_RUNUITests.framework in Frameworks */,
			);
			runOnlyForDeploymentPostprocessing = 0;
		};
/* End PBXFrameworksBuildPhase section */

/* Begin PBXGroup section */
		0B6EC4BB21B19E2200F523BF = {
			isa = PBXGroup;
			children = (
				0B6EC4C621B19E2300F523BF /* QR-CODE-RUN */,
				0B6EC4DB21B19E2800F523BF /* QR-CODE-RUNTests */,
				0B6EC4E621B19E2800F523BF /* QR-CODE-RUNUITests */,
				0B6EC4C521B19E2300F523BF /* Products */,
				2A2A3E0C5356721E6A350DAA /* Pods */,
				28005933648929084E61B49F /* Frameworks */,
			);
			sourceTree = "<group>";
		};
		0B6EC4C521B19E2300F523BF /* Products */ = {
			isa = PBXGroup;
			children = (
				0B6EC4C421B19E2300F523BF /* QR-CODE-RUN.app */,
				0B6EC4D821B19E2800F523BF /* QR-CODE-RUNTests.xctest */,
				0B6EC4E321B19E2800F523BF /* QR-CODE-RUNUITests.xctest */,
			);
			name = Products;
			sourceTree = "<group>";
		};
		0B6EC4C621B19E2300F523BF /* QR-CODE-RUN */ = {
			isa = PBXGroup;
			children = (
				CAB57DA121B5737B00F8C696 /* Login */,
				CAB57DD921B630DD00F8C696 /* QRScan */,
				CA0F4B7D21B8EC1900E8A0E1 /* Member */,
				CAB57D9321B5541000F8C696 /* GoogleService-Info.plist */,
				0BE38D4621BA574C001A3FDC /* splachView.png */,
				0B6EC4C721B19E2300F523BF /* AppDelegate.swift */,
				0B6EC4CB21B19E2300F523BF /* Main.storyboard */,
				0B6EC4D021B19E2800F523BF /* LaunchScreen.storyboard */,
				0B6EC4D321B19E2800F523BF /* Info.plist */,
				CAB57D9521B5563700F8C696 /* Member.swift */,
				CAB57D9B21B5580700F8C696 /* MemberManager.swift */,
				CAB57D9D21B56C0900F8C696 /* UserManager.swift */,
				CA0F4B7E21BA353000E8A0E1 /* icon.png */,
				0B6EC4CE21B19E2800F523BF /* Assets.xcassets */,
			);
			path = "QR-CODE-RUN";
			sourceTree = "<group>";
		};
		0B6EC4DB21B19E2800F523BF /* QR-CODE-RUNTests */ = {
			isa = PBXGroup;
			children = (
				0B6EC4DC21B19E2800F523BF /* QR_CODE_RUNTests.swift */,
				0B6EC4DE21B19E2800F523BF /* Info.plist */,
			);
			path = "QR-CODE-RUNTests";
			sourceTree = "<group>";
		};
		0B6EC4E621B19E2800F523BF /* QR-CODE-RUNUITests */ = {
			isa = PBXGroup;
			children = (
				0B6EC4E721B19E2800F523BF /* QR_CODE_RUNUITests.swift */,
				0B6EC4E921B19E2800F523BF /* Info.plist */,
			);
			path = "QR-CODE-RUNUITests";
			sourceTree = "<group>";
		};
		28005933648929084E61B49F /* Frameworks */ = {
			isa = PBXGroup;
			children = (
				BDB827AF6F0CB0281AC87BB4 /* Pods_QR_CODE_RUN.framework */,
				17E4F4D4C11588DEF77ABA8F /* Pods_QR_CODE_RUNTests.framework */,
				65CC8E90260FA721FC5FA524 /* Pods_QR_CODE_RUNUITests.framework */,
			);
			name = Frameworks;
			sourceTree = "<group>";
		};
		2A2A3E0C5356721E6A350DAA /* Pods */ = {
			isa = PBXGroup;
			children = (
				018B3AC9A811360A571C61A9 /* Pods-QR-CODE-RUN.debug.xcconfig */,
				1646C56411B87E9C2BFDD393 /* Pods-QR-CODE-RUN.release.xcconfig */,
				7F78BFA093826CC2E5CEF475 /* Pods-QR-CODE-RUNTests.debug.xcconfig */,
				1A69BE69161A12CD542A468E /* Pods-QR-CODE-RUNTests.release.xcconfig */,
				65A9831C468CC873A0EB4EBE /* Pods-QR-CODE-RUNUITests.debug.xcconfig */,
				FCA42FEA521B3F297CA02172 /* Pods-QR-CODE-RUNUITests.release.xcconfig */,
			);
			name = Pods;
			sourceTree = "<group>";
		};
		CA0F4B7D21B8EC1900E8A0E1 /* Member */ = {
			isa = PBXGroup;
			children = (
				CAB57D9F21B571B100F8C696 /* MemberViewController.swift */,
				CA0F4B7B21B8EB4400E8A0E1 /* SettingTableViewController.swift */,
				CA0F4B7921B8E4C700E8A0E1 /* MemberCollectionViewCell.swift */,
			);
			path = Member;
			sourceTree = "<group>";
		};
		CAB57DA121B5737B00F8C696 /* Login */ = {
			isa = PBXGroup;
			children = (
				CAB57DA221B573A100F8C696 /* LoginTableViewCell.swift */,
				CAB57DA421B5744100F8C696 /* LoginViewController.swift */,
			);
			path = Login;
			sourceTree = "<group>";
		};
		CAB57DD921B630DD00F8C696 /* QRScan */ = {
			isa = PBXGroup;
			children = (
				CAB57DD721B62DF700F8C696 /* QRScanViewController.swift */,
				CAB57DD521B62C4500F8C696 /* QRScaner.swift */,
			);
			path = QRScan;
			sourceTree = "<group>";
		};
/* End PBXGroup section */

/* Begin PBXNativeTarget section */
		0B6EC4C321B19E2200F523BF /* QR-CODE-RUN */ = {
			isa = PBXNativeTarget;
			buildConfigurationList = 0B6EC4EC21B19E2800F523BF /* Build configuration list for PBXNativeTarget "QR-CODE-RUN" */;
			buildPhases = (
				96E7F39C52D87909960CB39D /* [CP] Check Pods Manifest.lock */,
				0B6EC4C021B19E2200F523BF /* Sources */,
				0B6EC4C121B19E2200F523BF /* Frameworks */,
				0B6EC4C221B19E2200F523BF /* Resources */,
				7858B848BCA3AEDCEE753D0C /* [CP] Embed Pods Frameworks */,
				958CD5DE28270CE82B9F2FED /* [CP] Copy Pods Resources */,
			);
			buildRules = (
			);
			dependencies = (
			);
			name = "QR-CODE-RUN";
			productName = "QR-CODE-RUN";
			productReference = 0B6EC4C421B19E2300F523BF /* QR-CODE-RUN.app */;
			productType = "com.apple.product-type.application";
		};
		0B6EC4D721B19E2800F523BF /* QR-CODE-RUNTests */ = {
			isa = PBXNativeTarget;
			buildConfigurationList = 0B6EC4EF21B19E2800F523BF /* Build configuration list for PBXNativeTarget "QR-CODE-RUNTests" */;
			buildPhases = (
				59BF7AC49F0C6BF7689F50C2 /* [CP] Check Pods Manifest.lock */,
				0B6EC4D421B19E2800F523BF /* Sources */,
				0B6EC4D521B19E2800F523BF /* Frameworks */,
				0B6EC4D621B19E2800F523BF /* Resources */,
			);
			buildRules = (
			);
			dependencies = (
				0B6EC4DA21B19E2800F523BF /* PBXTargetDependency */,
			);
			name = "QR-CODE-RUNTests";
			productName = "QR-CODE-RUNTests";
			productReference = 0B6EC4D821B19E2800F523BF /* QR-CODE-RUNTests.xctest */;
			productType = "com.apple.product-type.bundle.unit-test";
		};
		0B6EC4E221B19E2800F523BF /* QR-CODE-RUNUITests */ = {
			isa = PBXNativeTarget;
			buildConfigurationList = 0B6EC4F221B19E2800F523BF /* Build configuration list for PBXNativeTarget "QR-CODE-RUNUITests" */;
			buildPhases = (
				47AF07243A0C49333FC818A0 /* [CP] Check Pods Manifest.lock */,
				0B6EC4DF21B19E2800F523BF /* Sources */,
				0B6EC4E021B19E2800F523BF /* Frameworks */,
				0B6EC4E121B19E2800F523BF /* Resources */,
			);
			buildRules = (
			);
			dependencies = (
				0B6EC4E521B19E2800F523BF /* PBXTargetDependency */,
			);
			name = "QR-CODE-RUNUITests";
			productName = "QR-CODE-RUNUITests";
			productReference = 0B6EC4E321B19E2800F523BF /* QR-CODE-RUNUITests.xctest */;
			productType = "com.apple.product-type.bundle.ui-testing";
		};
/* End PBXNativeTarget section */

/* Begin PBXProject section */
		0B6EC4BC21B19E2200F523BF /* Project object */ = {
			isa = PBXProject;
			attributes = {
				LastSwiftUpdateCheck = 1010;
				LastUpgradeCheck = 1010;
				ORGANIZATIONNAME = ueao;
				TargetAttributes = {
					0B6EC4C321B19E2200F523BF = {
						CreatedOnToolsVersion = 10.1;
					};
					0B6EC4D721B19E2800F523BF = {
						CreatedOnToolsVersion = 10.1;
						TestTargetID = 0B6EC4C321B19E2200F523BF;
					};
					0B6EC4E221B19E2800F523BF = {
						CreatedOnToolsVersion = 10.1;
						TestTargetID = 0B6EC4C321B19E2200F523BF;
					};
				};
			};
			buildConfigurationList = 0B6EC4BF21B19E2200F523BF /* Build configuration list for PBXProject "QR-CODE-RUN" */;
			compatibilityVersion = "Xcode 9.3";
			developmentRegion = en;
			hasScannedForEncodings = 0;
			knownRegions = (
				en,
				Base,
			);
			mainGroup = 0B6EC4BB21B19E2200F523BF;
			productRefGroup = 0B6EC4C521B19E2300F523BF /* Products */;
			projectDirPath = "";
			projectRoot = "";
			targets = (
				0B6EC4C321B19E2200F523BF /* QR-CODE-RUN */,
				0B6EC4D721B19E2800F523BF /* QR-CODE-RUNTests */,
				0B6EC4E221B19E2800F523BF /* QR-CODE-RUNUITests */,
			);
		};
/* End PBXProject section */

/* Begin PBXResourcesBuildPhase section */
		0B6EC4C221B19E2200F523BF /* Resources */ = {
			isa = PBXResourcesBuildPhase;
			buildActionMask = 2147483647;
			files = (
				0B6EC4D221B19E2800F523BF /* LaunchScreen.storyboard in Resources */,
				CA0F4B7F21BA353100E8A0E1 /* icon.png in Resources */,
				CAB57D9421B5541000F8C696 /* GoogleService-Info.plist in Resources */,
				0B6EC4CF21B19E2800F523BF /* Assets.xcassets in Resources */,
				0B6EC4CD21B19E2300F523BF /* Main.storyboard in Resources */,
				0BE38D4721BA574C001A3FDC /* splachView.png in Resources */,
			);
			runOnlyForDeploymentPostprocessing = 0;
		};
		0B6EC4D621B19E2800F523BF /* Resources */ = {
			isa = PBXResourcesBuildPhase;
			buildActionMask = 2147483647;
			files = (
			);
			runOnlyForDeploymentPostprocessing = 0;
		};
		0B6EC4E121B19E2800F523BF /* Resources */ = {
			isa = PBXResourcesBuildPhase;
			buildActionMask = 2147483647;
			files = (
			);
			runOnlyForDeploymentPostprocessing = 0;
		};
/* End PBXResourcesBuildPhase section */

/* Begin PBXShellScriptBuildPhase section */
		47AF07243A0C49333FC818A0 /* [CP] Check Pods Manifest.lock */ = {
			isa = PBXShellScriptBuildPhase;
			buildActionMask = 2147483647;
			files = (
			);
			inputFileListPaths = (
			);
			inputPaths = (
				"${PODS_PODFILE_DIR_PATH}/Podfile.lock",
				"${PODS_ROOT}/Manifest.lock",
			);
			name = "[CP] Check Pods Manifest.lock";
			outputFileListPaths = (
			);
			outputPaths = (
				"$(DERIVED_FILE_DIR)/Pods-QR-CODE-RUNUITests-checkManifestLockResult.txt",
			);
			runOnlyForDeploymentPostprocessing = 0;
			shellPath = /bin/sh;
			shellScript = "diff \"${PODS_PODFILE_DIR_PATH}/Podfile.lock\" \"${PODS_ROOT}/Manifest.lock\" > /dev/null\nif [ $? != 0 ] ; then\n    # print error to STDERR\n    echo \"error: The sandbox is not in sync with the Podfile.lock. Run 'pod install' or update your CocoaPods installation.\" >&2\n    exit 1\nfi\n# This output is used by Xcode 'outputs' to avoid re-running this script phase.\necho \"SUCCESS\" > \"${SCRIPT_OUTPUT_FILE_0}\"\n";
			showEnvVarsInLog = 0;
		};
		59BF7AC49F0C6BF7689F50C2 /* [CP] Check Pods Manifest.lock */ = {
			isa = PBXShellScriptBuildPhase;
			buildActionMask = 2147483647;
			files = (
			);
			inputFileListPaths = (
			);
			inputPaths = (
				"${PODS_PODFILE_DIR_PATH}/Podfile.lock",
				"${PODS_ROOT}/Manifest.lock",
			);
			name = "[CP] Check Pods Manifest.lock";
			outputFileListPaths = (
			);
			outputPaths = (
				"$(DERIVED_FILE_DIR)/Pods-QR-CODE-RUNTests-checkManifestLockResult.txt",
			);
			runOnlyForDeploymentPostprocessing = 0;
			shellPath = /bin/sh;
			shellScript = "diff \"${PODS_PODFILE_DIR_PATH}/Podfile.lock\" \"${PODS_ROOT}/Manifest.lock\" > /dev/null\nif [ $? != 0 ] ; then\n    # print error to STDERR\n    echo \"error: The sandbox is not in sync with the Podfile.lock. Run 'pod install' or update your CocoaPods installation.\" >&2\n    exit 1\nfi\n# This output is used by Xcode 'outputs' to avoid re-running this script phase.\necho \"SUCCESS\" > \"${SCRIPT_OUTPUT_FILE_0}\"\n";
			showEnvVarsInLog = 0;
		};
		7858B848BCA3AEDCEE753D0C /* [CP] Embed Pods Frameworks */ = {
			isa = PBXShellScriptBuildPhase;
			buildActionMask = 2147483647;
			files = (
			);
			inputFileListPaths = (
			);
			inputPaths = (
				"${SRCROOT}/Pods/Target Support Files/Pods-QR-CODE-RUN/Pods-QR-CODE-RUN-frameworks.sh",
				"${BUILT_PRODUCTS_DIR}/BoringSSL/openssl.framework",
				"${BUILT_PRODUCTS_DIR}/GTMSessionFetcher/GTMSessionFetcher.framework",
				"${BUILT_PRODUCTS_DIR}/GoogleUtilities/GoogleUtilities.framework",
				"${BUILT_PRODUCTS_DIR}/Protobuf/Protobuf.framework",
				"${BUILT_PRODUCTS_DIR}/RxAtomic/RxAtomic.framework",
				"${BUILT_PRODUCTS_DIR}/RxCocoa/RxCocoa.framework",
				"${BUILT_PRODUCTS_DIR}/RxSwift/RxSwift.framework",
				"${BUILT_PRODUCTS_DIR}/SDWebImage/SDWebImage.framework",
				"${BUILT_PRODUCTS_DIR}/gRPC-C++/grpcpp.framework",
				"${BUILT_PRODUCTS_DIR}/gRPC-Core/grpc.framework",
				"${BUILT_PRODUCTS_DIR}/leveldb-library/leveldb.framework",
				"${BUILT_PRODUCTS_DIR}/nanopb/nanopb.framework",
			);
			name = "[CP] Embed Pods Frameworks";
			outputFileListPaths = (
			);
			outputPaths = (
				"${TARGET_BUILD_DIR}/${FRAMEWORKS_FOLDER_PATH}/openssl.framework",
				"${TARGET_BUILD_DIR}/${FRAMEWORKS_FOLDER_PATH}/GTMSessionFetcher.framework",
				"${TARGET_BUILD_DIR}/${FRAMEWORKS_FOLDER_PATH}/GoogleUtilities.framework",
				"${TARGET_BUILD_DIR}/${FRAMEWORKS_FOLDER_PATH}/Protobuf.framework",
				"${TARGET_BUILD_DIR}/${FRAMEWORKS_FOLDER_PATH}/RxAtomic.framework",
				"${TARGET_BUILD_DIR}/${FRAMEWORKS_FOLDER_PATH}/RxCocoa.framework",
				"${TARGET_BUILD_DIR}/${FRAMEWORKS_FOLDER_PATH}/RxSwift.framework",
				"${TARGET_BUILD_DIR}/${FRAMEWORKS_FOLDER_PATH}/SDWebImage.framework",
				"${TARGET_BUILD_DIR}/${FRAMEWORKS_FOLDER_PATH}/grpcpp.framework",
				"${TARGET_BUILD_DIR}/${FRAMEWORKS_FOLDER_PATH}/grpc.framework",
				"${TARGET_BUILD_DIR}/${FRAMEWORKS_FOLDER_PATH}/leveldb.framework",
				"${TARGET_BUILD_DIR}/${FRAMEWORKS_FOLDER_PATH}/nanopb.framework",
			);
			runOnlyForDeploymentPostprocessing = 0;
			shellPath = /bin/sh;
			shellScript = "\"${SRCROOT}/Pods/Target Support Files/Pods-QR-CODE-RUN/Pods-QR-CODE-RUN-frameworks.sh\"\n";
			showEnvVarsInLog = 0;
		};
		958CD5DE28270CE82B9F2FED /* [CP] Copy Pods Resources */ = {
			isa = PBXShellScriptBuildPhase;
			buildActionMask = 2147483647;
			files = (
			);
			inputFileListPaths = (
			);
			inputPaths = (
				"${SRCROOT}/Pods/Target Support Files/Pods-QR-CODE-RUN/Pods-QR-CODE-RUN-resources.sh",
				"${PODS_CONFIGURATION_BUILD_DIR}/FirebaseFirestore/gRPCCertificates.bundle",
			);
			name = "[CP] Copy Pods Resources";
			outputFileListPaths = (
			);
			outputPaths = (
				"${TARGET_BUILD_DIR}/${UNLOCALIZED_RESOURCES_FOLDER_PATH}/gRPCCertificates.bundle",
			);
			runOnlyForDeploymentPostprocessing = 0;
			shellPath = /bin/sh;
			shellScript = "\"${SRCROOT}/Pods/Target Support Files/Pods-QR-CODE-RUN/Pods-QR-CODE-RUN-resources.sh\"\n";
			showEnvVarsInLog = 0;
		};
		96E7F39C52D87909960CB39D /* [CP] Check Pods Manifest.lock */ = {
			isa = PBXShellScriptBuildPhase;
			buildActionMask = 2147483647;
			files = (
			);
			inputFileListPaths = (
			);
			inputPaths = (
				"${PODS_PODFILE_DIR_PATH}/Podfile.lock",
				"${PODS_ROOT}/Manifest.lock",
			);
			name = "[CP] Check Pods Manifest.lock";
			outputFileListPaths = (
			);
			outputPaths = (
				"$(DERIVED_FILE_DIR)/Pods-QR-CODE-RUN-checkManifestLockResult.txt",
			);
			runOnlyForDeploymentPostprocessing = 0;
			shellPath = /bin/sh;
			shellScript = "diff \"${PODS_PODFILE_DIR_PATH}/Podfile.lock\" \"${PODS_ROOT}/Manifest.lock\" > /dev/null\nif [ $? != 0 ] ; then\n    # print error to STDERR\n    echo \"error: The sandbox is not in sync with the Podfile.lock. Run 'pod install' or update your CocoaPods installation.\" >&2\n    exit 1\nfi\n# This output is used by Xcode 'outputs' to avoid re-running this script phase.\necho \"SUCCESS\" > \"${SCRIPT_OUTPUT_FILE_0}\"\n";
			showEnvVarsInLog = 0;
		};
/* End PBXShellScriptBuildPhase section */

/* Begin PBXSourcesBuildPhase section */
		0B6EC4C021B19E2200F523BF /* Sources */ = {
			isa = PBXSourcesBuildPhase;
			buildActionMask = 2147483647;
			files = (
				CAB57DA521B5744100F8C696 /* LoginViewController.swift in Sources */,
				CAB57D9C21B5580700F8C696 /* MemberManager.swift in Sources */,
				CAB57DD821B62DF700F8C696 /* QRScanViewController.swift in Sources */,
				CAB57DA021B571B100F8C696 /* MemberViewController.swift in Sources */,
				CAB57DD621B62C4500F8C696 /* QRScaner.swift in Sources */,
				CAB57D9E21B56C0900F8C696 /* UserManager.swift in Sources */,
				CA0F4B7A21B8E4C700E8A0E1 /* MemberCollectionViewCell.swift in Sources */,
				CA0F4B7C21B8EB4400E8A0E1 /* SettingTableViewController.swift in Sources */,
				0B6EC4C821B19E2300F523BF /* AppDelegate.swift in Sources */,
				CAB57D9621B5563700F8C696 /* Member.swift in Sources */,
				CAB57DA321B573A100F8C696 /* LoginTableViewCell.swift in Sources */,
			);
			runOnlyForDeploymentPostprocessing = 0;
		};
		0B6EC4D421B19E2800F523BF /* Sources */ = {
			isa = PBXSourcesBuildPhase;
			buildActionMask = 2147483647;
			files = (
				0B6EC4DD21B19E2800F523BF /* QR_CODE_RUNTests.swift in Sources */,
			);
			runOnlyForDeploymentPostprocessing = 0;
		};
		0B6EC4DF21B19E2800F523BF /* Sources */ = {
			isa = PBXSourcesBuildPhase;
			buildActionMask = 2147483647;
			files = (
				0B6EC4E821B19E2800F523BF /* QR_CODE_RUNUITests.swift in Sources */,
			);
			runOnlyForDeploymentPostprocessing = 0;
		};
/* End PBXSourcesBuildPhase section */

/* Begin PBXTargetDependency section */
		0B6EC4DA21B19E2800F523BF /* PBXTargetDependency */ = {
			isa = PBXTargetDependency;
			target = 0B6EC4C321B19E2200F523BF /* QR-CODE-RUN */;
			targetProxy = 0B6EC4D921B19E2800F523BF /* PBXContainerItemProxy */;
		};
		0B6EC4E521B19E2800F523BF /* PBXTargetDependency */ = {
			isa = PBXTargetDependency;
			target = 0B6EC4C321B19E2200F523BF /* QR-CODE-RUN */;
			targetProxy = 0B6EC4E421B19E2800F523BF /* PBXContainerItemProxy */;
		};
/* End PBXTargetDependency section */

/* Begin PBXVariantGroup section */
		0B6EC4CB21B19E2300F523BF /* Main.storyboard */ = {
			isa = PBXVariantGroup;
			children = (
				0B6EC4CC21B19E2300F523BF /* Base */,
			);
			name = Main.storyboard;
			sourceTree = "<group>";
		};
		0B6EC4D021B19E2800F523BF /* LaunchScreen.storyboard */ = {
			isa = PBXVariantGroup;
			children = (
				0B6EC4D121B19E2800F523BF /* Base */,
			);
			name = LaunchScreen.storyboard;
			sourceTree = "<group>";
		};
/* End PBXVariantGroup section */

/* Begin XCBuildConfiguration section */
		0B6EC4EA21B19E2800F523BF /* Debug */ = {
			isa = XCBuildConfiguration;
			buildSettings = {
				ALWAYS_SEARCH_USER_PATHS = NO;
				CLANG_ANALYZER_NONNULL = YES;
				CLANG_ANALYZER_NUMBER_OBJECT_CONVERSION = YES_AGGRESSIVE;
				CLANG_CXX_LANGUAGE_STANDARD = "gnu++14";
				CLANG_CXX_LIBRARY = "libc++";
				CLANG_ENABLE_MODULES = YES;
				CLANG_ENABLE_OBJC_ARC = YES;
				CLANG_ENABLE_OBJC_WEAK = YES;
				CLANG_WARN_BLOCK_CAPTURE_AUTORELEASING = YES;
				CLANG_WARN_BOOL_CONVERSION = YES;
				CLANG_WARN_COMMA = YES;
				CLANG_WARN_CONSTANT_CONVERSION = YES;
				CLANG_WARN_DEPRECATED_OBJC_IMPLEMENTATIONS = YES;
				CLANG_WARN_DIRECT_OBJC_ISA_USAGE = YES_ERROR;
				CLANG_WARN_DOCUMENTATION_COMMENTS = YES;
				CLANG_WARN_EMPTY_BODY = YES;
				CLANG_WARN_ENUM_CONVERSION = YES;
				CLANG_WARN_INFINITE_RECURSION = YES;
				CLANG_WARN_INT_CONVERSION = YES;
				CLANG_WARN_NON_LITERAL_NULL_CONVERSION = YES;
				CLANG_WARN_OBJC_IMPLICIT_RETAIN_SELF = YES;
				CLANG_WARN_OBJC_LITERAL_CONVERSION = YES;
				CLANG_WARN_OBJC_ROOT_CLASS = YES_ERROR;
				CLANG_WARN_RANGE_LOOP_ANALYSIS = YES;
				CLANG_WARN_STRICT_PROTOTYPES = YES;
				CLANG_WARN_SUSPICIOUS_MOVE = YES;
				CLANG_WARN_UNGUARDED_AVAILABILITY = YES_AGGRESSIVE;
				CLANG_WARN_UNREACHABLE_CODE = YES;
				CLANG_WARN__DUPLICATE_METHOD_MATCH = YES;
				CODE_SIGN_IDENTITY = "iPhone Developer";
				COPY_PHASE_STRIP = NO;
				DEBUG_INFORMATION_FORMAT = dwarf;
				ENABLE_STRICT_OBJC_MSGSEND = YES;
				ENABLE_TESTABILITY = YES;
				GCC_C_LANGUAGE_STANDARD = gnu11;
				GCC_DYNAMIC_NO_PIC = NO;
				GCC_NO_COMMON_BLOCKS = YES;
				GCC_OPTIMIZATION_LEVEL = 0;
				GCC_PREPROCESSOR_DEFINITIONS = (
					"DEBUG=1",
					"$(inherited)",
				);
				GCC_WARN_64_TO_32_BIT_CONVERSION = YES;
				GCC_WARN_ABOUT_RETURN_TYPE = YES_ERROR;
				GCC_WARN_UNDECLARED_SELECTOR = YES;
				GCC_WARN_UNINITIALIZED_AUTOS = YES_AGGRESSIVE;
				GCC_WARN_UNUSED_FUNCTION = YES;
				GCC_WARN_UNUSED_VARIABLE = YES;
				IPHONEOS_DEPLOYMENT_TARGET = 12.1;
				MTL_ENABLE_DEBUG_INFO = INCLUDE_SOURCE;
				MTL_FAST_MATH = YES;
				ONLY_ACTIVE_ARCH = YES;
				SDKROOT = iphoneos;
				SWIFT_ACTIVE_COMPILATION_CONDITIONS = DEBUG;
				SWIFT_OPTIMIZATION_LEVEL = "-Onone";
			};
			name = Debug;
		};
		0B6EC4EB21B19E2800F523BF /* Release */ = {
			isa = XCBuildConfiguration;
			buildSettings = {
				ALWAYS_SEARCH_USER_PATHS = NO;
				CLANG_ANALYZER_NONNULL = YES;
				CLANG_ANALYZER_NUMBER_OBJECT_CONVERSION = YES_AGGRESSIVE;
				CLANG_CXX_LANGUAGE_STANDARD = "gnu++14";
				CLANG_CXX_LIBRARY = "libc++";
				CLANG_ENABLE_MODULES = YES;
				CLANG_ENABLE_OBJC_ARC = YES;
				CLANG_ENABLE_OBJC_WEAK = YES;
				CLANG_WARN_BLOCK_CAPTURE_AUTORELEASING = YES;
				CLANG_WARN_BOOL_CONVERSION = YES;
				CLANG_WARN_COMMA = YES;
				CLANG_WARN_CONSTANT_CONVERSION = YES;
				CLANG_WARN_DEPRECATED_OBJC_IMPLEMENTATIONS = YES;
				CLANG_WARN_DIRECT_OBJC_ISA_USAGE = YES_ERROR;
				CLANG_WARN_DOCUMENTATION_COMMENTS = YES;
				CLANG_WARN_EMPTY_BODY = YES;
				CLANG_WARN_ENUM_CONVERSION = YES;
				CLANG_WARN_INFINITE_RECURSION = YES;
				CLANG_WARN_INT_CONVERSION = YES;
				CLANG_WARN_NON_LITERAL_NULL_CONVERSION = YES;
				CLANG_WARN_OBJC_IMPLICIT_RETAIN_SELF = YES;
				CLANG_WARN_OBJC_LITERAL_CONVERSION = YES;
				CLANG_WARN_OBJC_ROOT_CLASS = YES_ERROR;
				CLANG_WARN_RANGE_LOOP_ANALYSIS = YES;
				CLANG_WARN_STRICT_PROTOTYPES = YES;
				CLANG_WARN_SUSPICIOUS_MOVE = YES;
				CLANG_WARN_UNGUARDED_AVAILABILITY = YES_AGGRESSIVE;
				CLANG_WARN_UNREACHABLE_CODE = YES;
				CLANG_WARN__DUPLICATE_METHOD_MATCH = YES;
				CODE_SIGN_IDENTITY = "iPhone Developer";
				COPY_PHASE_STRIP = NO;
				DEBUG_INFORMATION_FORMAT = "dwarf-with-dsym";
				ENABLE_NS_ASSERTIONS = NO;
				ENABLE_STRICT_OBJC_MSGSEND = YES;
				GCC_C_LANGUAGE_STANDARD = gnu11;
				GCC_NO_COMMON_BLOCKS = YES;
				GCC_WARN_64_TO_32_BIT_CONVERSION = YES;
				GCC_WARN_ABOUT_RETURN_TYPE = YES_ERROR;
				GCC_WARN_UNDECLARED_SELECTOR = YES;
				GCC_WARN_UNINITIALIZED_AUTOS = YES_AGGRESSIVE;
				GCC_WARN_UNUSED_FUNCTION = YES;
				GCC_WARN_UNUSED_VARIABLE = YES;
				IPHONEOS_DEPLOYMENT_TARGET = 12.1;
				MTL_ENABLE_DEBUG_INFO = NO;
				MTL_FAST_MATH = YES;
				SDKROOT = iphoneos;
				SWIFT_COMPILATION_MODE = wholemodule;
				SWIFT_OPTIMIZATION_LEVEL = "-O";
				VALIDATE_PRODUCT = YES;
			};
			name = Release;
		};
		0B6EC4ED21B19E2800F523BF /* Debug */ = {
			isa = XCBuildConfiguration;
			baseConfigurationReference = 018B3AC9A811360A571C61A9 /* Pods-QR-CODE-RUN.debug.xcconfig */;
			buildSettings = {
				ASSETCATALOG_COMPILER_APPICON_NAME = AppIcon;
				CODE_SIGN_STYLE = Automatic;
				DEVELOPMENT_TEAM = BV8VP6YGE9;
				INFOPLIST_FILE = "QR-CODE-RUN/Info.plist";
				LD_RUNPATH_SEARCH_PATHS = (
					"$(inherited)",
					"@executable_path/Frameworks",
				);
				PRODUCT_BUNDLE_IDENTIFIER = "ueao.QR-CODE-RUN";
				PRODUCT_NAME = "$(TARGET_NAME)";
				SWIFT_VERSION = 4.2;
				TARGETED_DEVICE_FAMILY = "1,2";
			};
			name = Debug;
		};
		0B6EC4EE21B19E2800F523BF /* Release */ = {
			isa = XCBuildConfiguration;
			baseConfigurationReference = 1646C56411B87E9C2BFDD393 /* Pods-QR-CODE-RUN.release.xcconfig */;
			buildSettings = {
				ASSETCATALOG_COMPILER_APPICON_NAME = AppIcon;
				CODE_SIGN_STYLE = Automatic;
				DEVELOPMENT_TEAM = BV8VP6YGE9;
				INFOPLIST_FILE = "QR-CODE-RUN/Info.plist";
				LD_RUNPATH_SEARCH_PATHS = (
					"$(inherited)",
					"@executable_path/Frameworks",
				);
				PRODUCT_BUNDLE_IDENTIFIER = "ueao.QR-CODE-RUN";
				PRODUCT_NAME = "$(TARGET_NAME)";
				SWIFT_VERSION = 4.2;
				TARGETED_DEVICE_FAMILY = "1,2";
			};
			name = Release;
		};
		0B6EC4F021B19E2800F523BF /* Debug */ = {
			isa = XCBuildConfiguration;
			baseConfigurationReference = 7F78BFA093826CC2E5CEF475 /* Pods-QR-CODE-RUNTests.debug.xcconfig */;
			buildSettings = {
				ALWAYS_EMBED_SWIFT_STANDARD_LIBRARIES = YES;
				BUNDLE_LOADER = "$(TEST_HOST)";
				CODE_SIGN_STYLE = Automatic;
				DEVELOPMENT_TEAM = UZZ5WC8E2Y;
				INFOPLIST_FILE = "QR-CODE-RUNTests/Info.plist";
				LD_RUNPATH_SEARCH_PATHS = (
					"$(inherited)",
					"@executable_path/Frameworks",
					"@loader_path/Frameworks",
				);
				PRODUCT_BUNDLE_IDENTIFIER = "ueao.QR-CODE-RUNTests";
				PRODUCT_NAME = "$(TARGET_NAME)";
				SWIFT_VERSION = 4.2;
				TARGETED_DEVICE_FAMILY = "1,2";
				TEST_HOST = "$(BUILT_PRODUCTS_DIR)/QR-CODE-RUN.app/QR-CODE-RUN";
			};
			name = Debug;
		};
		0B6EC4F121B19E2800F523BF /* Release */ = {
			isa = XCBuildConfiguration;
			baseConfigurationReference = 1A69BE69161A12CD542A468E /* Pods-QR-CODE-RUNTests.release.xcconfig */;
			buildSettings = {
				ALWAYS_EMBED_SWIFT_STANDARD_LIBRARIES = YES;
				BUNDLE_LOADER = "$(TEST_HOST)";
				CODE_SIGN_STYLE = Automatic;
				DEVELOPMENT_TEAM = UZZ5WC8E2Y;
				INFOPLIST_FILE = "QR-CODE-RUNTests/Info.plist";
				LD_RUNPATH_SEARCH_PATHS = (
					"$(inherited)",
					"@executable_path/Frameworks",
					"@loader_path/Frameworks",
				);
				PRODUCT_BUNDLE_IDENTIFIER = "ueao.QR-CODE-RUNTests";
				PRODUCT_NAME = "$(TARGET_NAME)";
				SWIFT_VERSION = 4.2;
				TARGETED_DEVICE_FAMILY = "1,2";
				TEST_HOST = "$(BUILT_PRODUCTS_DIR)/QR-CODE-RUN.app/QR-CODE-RUN";
			};
			name = Release;
		};
		0B6EC4F321B19E2800F523BF /* Debug */ = {
			isa = XCBuildConfiguration;
			baseConfigurationReference = 65A9831C468CC873A0EB4EBE /* Pods-QR-CODE-RUNUITests.debug.xcconfig */;
			buildSettings = {
				ALWAYS_EMBED_SWIFT_STANDARD_LIBRARIES = YES;
				CODE_SIGN_STYLE = Automatic;
				DEVELOPMENT_TEAM = UZZ5WC8E2Y;
				INFOPLIST_FILE = "QR-CODE-RUNUITests/Info.plist";
				LD_RUNPATH_SEARCH_PATHS = (
					"$(inherited)",
					"@executable_path/Frameworks",
					"@loader_path/Frameworks",
				);
				PRODUCT_BUNDLE_IDENTIFIER = "ueao.QR-CODE-RUNUITests";
				PRODUCT_NAME = "$(TARGET_NAME)";
				SWIFT_VERSION = 4.2;
				TARGETED_DEVICE_FAMILY = "1,2";
				TEST_TARGET_NAME = "QR-CODE-RUN";
			};
			name = Debug;
		};
		0B6EC4F421B19E2800F523BF /* Release */ = {
			isa = XCBuildConfiguration;
			baseConfigurationReference = FCA42FEA521B3F297CA02172 /* Pods-QR-CODE-RUNUITests.release.xcconfig */;
			buildSettings = {
				ALWAYS_EMBED_SWIFT_STANDARD_LIBRARIES = YES;
				CODE_SIGN_STYLE = Automatic;
				DEVELOPMENT_TEAM = UZZ5WC8E2Y;
				INFOPLIST_FILE = "QR-CODE-RUNUITests/Info.plist";
				LD_RUNPATH_SEARCH_PATHS = (
					"$(inherited)",
					"@executable_path/Frameworks",
					"@loader_path/Frameworks",
				);
				PRODUCT_BUNDLE_IDENTIFIER = "ueao.QR-CODE-RUNUITests";
				PRODUCT_NAME = "$(TARGET_NAME)";
				SWIFT_VERSION = 4.2;
				TARGETED_DEVICE_FAMILY = "1,2";
				TEST_TARGET_NAME = "QR-CODE-RUN";
			};
			name = Release;
		};
/* End XCBuildConfiguration section */

/* Begin XCConfigurationList section */
		0B6EC4BF21B19E2200F523BF /* Build configuration list for PBXProject "QR-CODE-RUN" */ = {
			isa = XCConfigurationList;
			buildConfigurations = (
				0B6EC4EA21B19E2800F523BF /* Debug */,
				0B6EC4EB21B19E2800F523BF /* Release */,
			);
			defaultConfigurationIsVisible = 0;
			defaultConfigurationName = Release;
		};
		0B6EC4EC21B19E2800F523BF /* Build configuration list for PBXNativeTarget "QR-CODE-RUN" */ = {
			isa = XCConfigurationList;
			buildConfigurations = (
				0B6EC4ED21B19E2800F523BF /* Debug */,
				0B6EC4EE21B19E2800F523BF /* Release */,
			);
			defaultConfigurationIsVisible = 0;
			defaultConfigurationName = Release;
		};
		0B6EC4EF21B19E2800F523BF /* Build configuration list for PBXNativeTarget "QR-CODE-RUNTests" */ = {
			isa = XCConfigurationList;
			buildConfigurations = (
				0B6EC4F021B19E2800F523BF /* Debug */,
				0B6EC4F121B19E2800F523BF /* Release */,
			);
			defaultConfigurationIsVisible = 0;
			defaultConfigurationName = Release;
		};
		0B6EC4F221B19E2800F523BF /* Build configuration list for PBXNativeTarget "QR-CODE-RUNUITests" */ = {
			isa = XCConfigurationList;
			buildConfigurations = (
				0B6EC4F321B19E2800F523BF /* Debug */,
				0B6EC4F421B19E2800F523BF /* Release */,
			);
			defaultConfigurationIsVisible = 0;
			defaultConfigurationName = Release;
		};
/* End XCConfigurationList section */
	};
	rootObject = 0B6EC4BC21B19E2200F523BF /* Project object */;
}
